// !$*UTF8*$!
{
	archiveVersion = 1;
	classes = {
	};
	objectVersion = 55;
	objects = {

/* Begin PBXBuildFile section */
		F28891C8280220B00098BCA5 /* TipsOverView.swift in Sources */ = {isa = PBXBuildFile; fileRef = F28891C7280220AF0098BCA5 /* TipsOverView.swift */; };
		F2D618E628006B6800A6206F /* XcodeTipsApp.swift in Sources */ = {isa = PBXBuildFile; fileRef = F2D618E528006B6800A6206F /* XcodeTipsApp.swift */; };
		F2D618E828006B6800A6206F /* TipView.swift in Sources */ = {isa = PBXBuildFile; fileRef = F2D618E728006B6800A6206F /* TipView.swift */; };
		F2D618EA28006B6900A6206F /* Assets.xcassets in Resources */ = {isa = PBXBuildFile; fileRef = F2D618E928006B6900A6206F /* Assets.xcassets */; };
		F2D618ED28006B6900A6206F /* Preview Assets.xcassets in Resources */ = {isa = PBXBuildFile; fileRef = F2D618EC28006B6900A6206F /* Preview Assets.xcassets */; };
		F2D618F528006E9C00A6206F /* tips.json in Resources */ = {isa = PBXBuildFile; fileRef = F2D618F428006E9C00A6206F /* tips.json */; };
		F2D618F7280070D000A6206F /* Step.swift in Sources */ = {isa = PBXBuildFile; fileRef = F2D618F6280070D000A6206F /* Step.swift */; };
		F2D618F92800712F00A6206F /* Tip.swift in Sources */ = {isa = PBXBuildFile; fileRef = F2D618F82800712F00A6206F /* Tip.swift */; };
/* End PBXBuildFile section */

/* Begin PBXFileReference section */
		F28891C7280220AF0098BCA5 /* TipsOverView.swift */ = {isa = PBXFileReference; lastKnownFileType = sourcecode.swift; path = TipsOverView.swift; sourceTree = "<group>"; };
		F2D618E228006B6800A6206F /* XcodeTips.app */ = {isa = PBXFileReference; explicitFileType = wrapper.application; includeInIndex = 0; path = XcodeTips.app; sourceTree = BUILT_PRODUCTS_DIR; };
		F2D618E528006B6800A6206F /* XcodeTipsApp.swift */ = {isa = PBXFileReference; lastKnownFileType = sourcecode.swift; path = XcodeTipsApp.swift; sourceTree = "<group>"; };
		F2D618E728006B6800A6206F /* TipView.swift */ = {isa = PBXFileReference; lastKnownFileType = sourcecode.swift; path = TipView.swift; sourceTree = "<group>"; };
		F2D618E928006B6900A6206F /* Assets.xcassets */ = {isa = PBXFileReference; lastKnownFileType = folder.assetcatalog; path = Assets.xcassets; sourceTree = "<group>"; };
		F2D618EC28006B6900A6206F /* Preview Assets.xcassets */ = {isa = PBXFileReference; lastKnownFileType = folder.assetcatalog; path = "Preview Assets.xcassets"; sourceTree = "<group>"; };
		F2D618EE28006B6900A6206F /* XcodeTips.entitlements */ = {isa = PBXFileReference; lastKnownFileType = text.plist.entitlements; path = XcodeTips.entitlements; sourceTree = "<group>"; };
		F2D618F428006E9C00A6206F /* tips.json */ = {isa = PBXFileReference; lastKnownFileType = text.json; path = tips.json; sourceTree = "<group>"; };
		F2D618F6280070D000A6206F /* Step.swift */ = {isa = PBXFileReference; lastKnownFileType = sourcecode.swift; path = Step.swift; sourceTree = "<group>"; };
		F2D618F82800712F00A6206F /* Tip.swift */ = {isa = PBXFileReference; lastKnownFileType = sourcecode.swift; path = Tip.swift; sourceTree = "<group>"; };
/* End PBXFileReference section */

/* Begin PBXFrameworksBuildPhase section */
		F2D618DF28006B6800A6206F /* Frameworks */ = {
			isa = PBXFrameworksBuildPhase;
			buildActionMask = 2147483647;
			files = (
			);
			runOnlyForDeploymentPostprocessing = 0;
		};
/* End PBXFrameworksBuildPhase section */

/* Begin PBXGroup section */
		F2D618D928006B6700A6206F = {
			isa = PBXGroup;
			children = (
				F2D618E428006B6800A6206F /* XcodeTips */,
				F2D618E328006B6800A6206F /* Products */,
			);
			sourceTree = "<group>";
		};
		F2D618E328006B6800A6206F /* Products */ = {
			isa = PBXGroup;
			children = (
				F2D618E228006B6800A6206F /* XcodeTips.app */,
			);
			name = Products;
			sourceTree = "<group>";
		};
		F2D618E428006B6800A6206F /* XcodeTips */ = {
			isa = PBXGroup;
			children = (
				F2D618E528006B6800A6206F /* XcodeTipsApp.swift */,
				F28891C7280220AF0098BCA5 /* TipsOverView.swift */,
				F2D618E728006B6800A6206F /* TipView.swift */,
				F2D618F6280070D000A6206F /* Step.swift */,
				F2D618F82800712F00A6206F /* Tip.swift */,
				F2D618F428006E9C00A6206F /* tips.json */,
				F2D618E928006B6900A6206F /* Assets.xcassets */,
				F2D618EE28006B6900A6206F /* XcodeTips.entitlements */,
				F2D618EB28006B6900A6206F /* Preview Content */,
			);
			path = XcodeTips;
			sourceTree = "<group>";
		};
		F2D618EB28006B6900A6206F /* Preview Content */ = {
			isa = PBXGroup;
			children = (
				F2D618EC28006B6900A6206F /* Preview Assets.xcassets */,
			);
			path = "Preview Content";
			sourceTree = "<group>";
		};
/* End PBXGroup section */

/* Begin PBXNativeTarget section */
		F2D618E128006B6800A6206F /* XcodeTips */ = {
			isa = PBXNativeTarget;
			buildConfigurationList = F2D618F128006B6900A6206F /* Build configuration list for PBXNativeTarget "XcodeTips" */;
			buildPhases = (
				F2D618DE28006B6800A6206F /* Sources */,
				F2D618DF28006B6800A6206F /* Frameworks */,
				F2D618E028006B6800A6206F /* Resources */,
			);
			buildRules = (
			);
			dependencies = (
			);
			name = XcodeTips;
			productName = XcodeTips;
			productReference = F2D618E228006B6800A6206F /* XcodeTips.app */;
			productType = "com.apple.product-type.application";
		};
/* End PBXNativeTarget section */

/* Begin PBXProject section */
		F2D618DA28006B6700A6206F /* Project object */ = {
			isa = PBXProject;
			attributes = {
				BuildIndependentTargetsInParallel = 1;
				LastSwiftUpdateCheck = 1330;
				LastUpgradeCheck = 1330;
				TargetAttributes = {
					F2D618E128006B6800A6206F = {
						CreatedOnToolsVersion = 13.3;
					};
				};
			};
			buildConfigurationList = F2D618DD28006B6700A6206F /* Build configuration list for PBXProject "XcodeTips" */;
			compatibilityVersion = "Xcode 13.0";
			developmentRegion = en;
			hasScannedForEncodings = 0;
			knownRegions = (
				en,
				Base,
			);
			mainGroup = F2D618D928006B6700A6206F;
			productRefGroup = F2D618E328006B6800A6206F /* Products */;
			projectDirPath = "";
			projectRoot = "";
			targets = (
				F2D618E128006B6800A6206F /* XcodeTips */,
			);
		};
/* End PBXProject section */

/* Begin PBXResourcesBuildPhase section */
		F2D618E028006B6800A6206F /* Resources */ = {
			isa = PBXResourcesBuildPhase;
			buildActionMask = 2147483647;
			files = (
				F2D618ED28006B6900A6206F /* Preview Assets.xcassets in Resources */,
				F2D618EA28006B6900A6206F /* Assets.xcassets in Resources */,
				F2D618F528006E9C00A6206F /* tips.json in Resources */,
			);
			runOnlyForDeploymentPostprocessing = 0;
		};
/* End PBXResourcesBuildPhase section */

/* Begin PBXSourcesBuildPhase section */
		F2D618DE28006B6800A6206F /* Sources */ = {
			isa = PBXSourcesBuildPhase;
			buildActionMask = 2147483647;
			files = (
				F2D618F7280070D000A6206F /* Step.swift in Sources */,
				F2D618F92800712F00A6206F /* Tip.swift in Sources */,
				F2D618E828006B6800A6206F /* TipView.swift in Sources */,
				F28891C8280220B00098BCA5 /* TipsOverView.swift in Sources */,
				F2D618E628006B6800A6206F /* XcodeTipsApp.swift in Sources */,
			);
			runOnlyForDeploymentPostprocessing = 0;
		};
/* End PBXSourcesBuildPhase section */

/* Begin XCBuildConfiguration section */
		F2D618EF28006B6900A6206F /* Debug */ = {
			isa = XCBuildConfiguration;
			buildSettings = {
				ALWAYS_SEARCH_USER_PATHS = NO;
				CLANG_ANALYZER_NONNULL = YES;
				CLANG_ANALYZER_NUMBER_OBJECT_CONVERSION = YES_AGGRESSIVE;
				CLANG_CXX_LANGUAGE_STANDARD = "gnu++17";
				CLANG_ENABLE_MODULES = YES;
				CLANG_ENABLE_OBJC_ARC = YES;
				CLANG_ENABLE_OBJC_WEAK = YES;
				CLANG_WARN_BLOCK_CAPTURE_AUTORELEASING = YES;
				CLANG_WARN_BOOL_CONVERSION = YES;
				CLANG_WARN_COMMA = YES;
				CLANG_WARN_CONSTANT_CONVERSION = YES;
				CLANG_WARN_DEPRECATED_OBJC_IMPLEMENTATIONS = YES;
				CLANG_WARN_DIRECT_OBJC_ISA_USAGE = YES_ERROR;
				CLANG_WARN_DOCUMENTATION_COMMENTS = YES;
				CLANG_WARN_EMPTY_BODY = YES;
				CLANG_WARN_ENUM_CONVERSION = YES;
				CLANG_WARN_INFINITE_RECURSION = YES;
				CLANG_WARN_INT_CONVERSION = YES;
				CLANG_WARN_NON_LITERAL_NULL_CONVERSION = YES;
				CLANG_WARN_OBJC_IMPLICIT_RETAIN_SELF = YES;
				CLANG_WARN_OBJC_LITERAL_CONVERSION = YES;
				CLANG_WARN_OBJC_ROOT_CLASS = YES_ERROR;
				CLANG_WARN_QUOTED_INCLUDE_IN_FRAMEWORK_HEADER = YES;
				CLANG_WARN_RANGE_LOOP_ANALYSIS = YES;
				CLANG_WARN_STRICT_PROTOTYPES = YES;
				CLANG_WARN_SUSPICIOUS_MOVE = YES;
				CLANG_WARN_UNGUARDED_AVAILABILITY = YES_AGGRESSIVE;
				CLANG_WARN_UNREACHABLE_CODE = YES;
				CLANG_WARN__DUPLICATE_METHOD_MATCH = YES;
				COPY_PHASE_STRIP = NO;
				DEBUG_INFORMATION_FORMAT = dwarf;
				ENABLE_STRICT_OBJC_MSGSEND = YES;
				ENABLE_TESTABILITY = YES;
				GCC_C_LANGUAGE_STANDARD = gnu11;
				GCC_DYNAMIC_NO_PIC = NO;
				GCC_NO_COMMON_BLOCKS = YES;
				GCC_OPTIMIZATION_LEVEL = 0;
				GCC_PREPROCESSOR_DEFINITIONS = (
					"DEBUG=1",
					"$(inherited)",
				);
				GCC_WARN_64_TO_32_BIT_CONVERSION = YES;
				GCC_WARN_ABOUT_RETURN_TYPE = YES_ERROR;
				GCC_WARN_UNDECLARED_SELECTOR = YES;
				GCC_WARN_UNINITIALIZED_AUTOS = YES_AGGRESSIVE;
				GCC_WARN_UNUSED_FUNCTION = YES;
				GCC_WARN_UNUSED_VARIABLE = YES;
				MACOSX_DEPLOYMENT_TARGET = 12.3;
				MTL_ENABLE_DEBUG_INFO = INCLUDE_SOURCE;
				MTL_FAST_MATH = YES;
				ONLY_ACTIVE_ARCH = YES;
				SDKROOT = macosx;
				SWIFT_ACTIVE_COMPILATION_CONDITIONS = DEBUG;
				SWIFT_OPTIMIZATION_LEVEL = "-Onone";
			};
			name = Debug;
		};
		F2D618F028006B6900A6206F /* Release */ = {
			isa = XCBuildConfiguration;
			buildSettings = {
				ALWAYS_SEARCH_USER_PATHS = NO;
				CLANG_ANALYZER_NONNULL = YES;
				CLANG_ANALYZER_NUMBER_OBJECT_CONVERSION = YES_AGGRESSIVE;
				CLANG_CXX_LANGUAGE_STANDARD = "gnu++17";
				CLANG_ENABLE_MODULES = YES;
				CLANG_ENABLE_OBJC_ARC = YES;
				CLANG_ENABLE_OBJC_WEAK = YES;
				CLANG_WARN_BLOCK_CAPTURE_AUTORELEASING = YES;
				CLANG_WARN_BOOL_CONVERSION = YES;
				CLANG_WARN_COMMA = YES;
				CLANG_WARN_CONSTANT_CONVERSION = YES;
				CLANG_WARN_DEPRECATED_OBJC_IMPLEMENTATIONS = YES;
				CLANG_WARN_DIRECT_OBJC_ISA_USAGE = YES_ERROR;
				CLANG_WARN_DOCUMENTATION_COMMENTS = YES;
				CLANG_WARN_EMPTY_BODY = YES;
				CLANG_WARN_ENUM_CONVERSION = YES;
				CLANG_WARN_INFINITE_RECURSION = YES;
				CLANG_WARN_INT_CONVERSION = YES;
				CLANG_WARN_NON_LITERAL_NULL_CONVERSION = YES;
				CLANG_WARN_OBJC_IMPLICIT_RETAIN_SELF = YES;
				CLANG_WARN_OBJC_LITERAL_CONVERSION = YES;
				CLANG_WARN_OBJC_ROOT_CLASS = YES_ERROR;
				CLANG_WARN_QUOTED_INCLUDE_IN_FRAMEWORK_HEADER = YES;
				CLANG_WARN_RANGE_LOOP_ANALYSIS = YES;
				CLANG_WARN_STRICT_PROTOTYPES = YES;
				CLANG_WARN_SUSPICIOUS_MOVE = YES;
				CLANG_WARN_UNGUARDED_AVAILABILITY = YES_AGGRESSIVE;
				CLANG_WARN_UNREACHABLE_CODE = YES;
				CLANG_WARN__DUPLICATE_METHOD_MATCH = YES;
				COPY_PHASE_STRIP = NO;
				DEBUG_INFORMATION_FORMAT = "dwarf-with-dsym";
				ENABLE_NS_ASSERTIONS = NO;
				ENABLE_STRICT_OBJC_MSGSEND = YES;
				GCC_C_LANGUAGE_STANDARD = gnu11;
				GCC_NO_COMMON_BLOCKS = YES;
				GCC_WARN_64_TO_32_BIT_CONVERSION = YES;
				GCC_WARN_ABOUT_RETURN_TYPE = YES_ERROR;
				GCC_WARN_UNDECLARED_SELECTOR = YES;
				GCC_WARN_UNINITIALIZED_AUTOS = YES_AGGRESSIVE;
				GCC_WARN_UNUSED_FUNCTION = YES;
				GCC_WARN_UNUSED_VARIABLE = YES;
				MACOSX_DEPLOYMENT_TARGET = 12.3;
				MTL_ENABLE_DEBUG_INFO = NO;
				MTL_FAST_MATH = YES;
				SDKROOT = macosx;
				SWIFT_COMPILATION_MODE = wholemodule;
				SWIFT_OPTIMIZATION_LEVEL = "-O";
			};
			name = Release;
		};
		F2D618F228006B6900A6206F /* Debug */ = {
			isa = XCBuildConfiguration;
			buildSettings = {
				ASSETCATALOG_COMPILER_APPICON_NAME = AppIcon;
				ASSETCATALOG_COMPILER_GLOBAL_ACCENT_COLOR_NAME = AccentColor;
				CODE_SIGN_ENTITLEMENTS = XcodeTips/XcodeTips.entitlements;
				CODE_SIGN_STYLE = Automatic;
				COMBINE_HIDPI_IMAGES = YES;
				CURRENT_PROJECT_VERSION = 1;
				DEVELOPMENT_ASSET_PATHS = "\"XcodeTips/Preview Content\"";
				DEVELOPMENT_TEAM = Q6PD97MRX4;
				ENABLE_HARDENED_RUNTIME = YES;
				ENABLE_PREVIEWS = YES;
				GENERATE_INFOPLIST_FILE = YES;
				INFOPLIST_KEY_NSHumanReadableCopyright = "";
				LD_RUNPATH_SEARCH_PATHS = (
					"$(inherited)",
					"@executable_path/../Frameworks",
				);
				MARKETING_VERSION = 1.0;
				PRODUCT_BUNDLE_IDENTIFIER = de.dasdom.XcodeTips;
				PRODUCT_NAME = "$(TARGET_NAME)";
				SWIFT_EMIT_LOC_STRINGS = YES;
				SWIFT_VERSION = 5.0;
			};
			name = Debug;
		};
		F2D618F328006B6900A6206F /* Release */ = {
			isa = XCBuildConfiguration;
			buildSettings = {
				ASSETCATALOG_COMPILER_APPICON_NAME = AppIcon;
				ASSETCATALOG_COMPILER_GLOBAL_ACCENT_COLOR_NAME = AccentColor;
				CODE_SIGN_ENTITLEMENTS = XcodeTips/XcodeTips.entitlements;
				CODE_SIGN_STYLE = Automatic;
				COMBINE_HIDPI_IMAGES = YES;
				CURRENT_PROJECT_VERSION = 1;
				DEVELOPMENT_ASSET_PATHS = "\"XcodeTips/Preview Content\"";
				DEVELOPMENT_TEAM = Q6PD97MRX4;
				ENABLE_HARDENED_RUNTIME = YES;
				ENABLE_PREVIEWS = YES;
				GENERATE_INFOPLIST_FILE = YES;
				INFOPLIST_KEY_NSHumanReadableCopyright = "";
				LD_RUNPATH_SEARCH_PATHS = (
					"$(inherited)",
					"@executable_path/../Frameworks",
				);
				MARKETING_VERSION = 1.0;
				PRODUCT_BUNDLE_IDENTIFIER = de.dasdom.XcodeTips;
				PRODUCT_NAME = "$(TARGET_NAME)";
				SWIFT_EMIT_LOC_STRINGS = YES;
				SWIFT_VERSION = 5.0;
			};
			name = Release;
		};
/* End XCBuildConfiguration section */

/* Begin XCConfigurationList section */
		F2D618DD28006B6700A6206F /* Build configuration list for PBXProject "XcodeTips" */ = {
			isa = XCConfigurationList;
			buildConfigurations = (
				F2D618EF28006B6900A6206F /* Debug */,
				F2D618F028006B6900A6206F /* Release */,
			);
			defaultConfigurationIsVisible = 0;
			defaultConfigurationName = Release;
		};
		F2D618F128006B6900A6206F /* Build configuration list for PBXNativeTarget "XcodeTips" */ = {
			isa = XCConfigurationList;
			buildConfigurations = (
				F2D618F228006B6900A6206F /* Debug */,
				F2D618F328006B6900A6206F /* Release */,
			);
			defaultConfigurationIsVisible = 0;
			defaultConfigurationName = Release;
		};
/* End XCConfigurationList section */
	};
	rootObject = F2D618DA28006B6700A6206F /* Project object */;
}
